
Microsoft Visual Studio Solution File, Format Version 12.00
Project("{FAE04EC0-301F-11D3-BF4B-00C04F79EFBC}") = "HoaiBaoCompanyApi", "HoaiBaoCompanyApi\HoaiBaoCompanyApi.csproj", "{C74E5E22-F38E-4B85-A8D0-1B3709FFF277}"
EndProject
Global
	GlobalSection(SolutionConfigurationPlatforms) = preSolution
		Debug|Any CPU = Debug|Any CPU
		Release|Any CPU = Release|Any CPU
	EndGlobalSection
	GlobalSection(ProjectConfigurationPlatforms) = postSolution
		{C74E5E22-F38E-4B85-A8D0-1B3709FFF277}.Debug|Any CPU.ActiveCfg = Debug|Any CPU
		{C74E5E22-F38E-4B85-A8D0-1B3709FFF277}.Debug|Any CPU.Build.0 = Debug|Any CPU
		{C74E5E22-F38E-4B85-A8D0-1B3709FFF277}.Release|Any CPU.ActiveCfg = Release|Any CPU
		{C74E5E22-F38E-4B85-A8D0-1B3709FFF277}.Release|Any CPU.Build.0 = Release|Any CPU
	EndGlobalSection
EndGlobal
